
Microsoft Visual Studio Solution File, Format Version 12.00
# Visual Studio Version 16
VisualStudioVersion = 16.0.29709.97
MinimumVisualStudioVersion = 10.0.40219.1
Project("{FAE04EC0-301F-11D3-BF4B-00C04F79EFBC}") = "PR01_02_2", "PR01_02_2\PR01_02_2.csproj", "{1A18252D-4911-4081-AC97-4037DDBA18B2}"
EndProject
Global
	GlobalSection(SolutionConfigurationPlatforms) = preSolution
		Debug|Any CPU = Debug|Any CPU
		Release|Any CPU = Release|Any CPU
	EndGlobalSection
	GlobalSection(ProjectConfigurationPlatforms) = postSolution
		{1A18252D-4911-4081-AC97-4037DDBA18B2}.Debug|Any CPU.ActiveCfg = Debug|Any CPU
		{1A18252D-4911-4081-AC97-4037DDBA18B2}.Debug|Any CPU.Build.0 = Debug|Any CPU
		{1A18252D-4911-4081-AC97-4037DDBA18B2}.Release|Any CPU.ActiveCfg = Release|Any CPU
		{1A18252D-4911-4081-AC97-4037DDBA18B2}.Release|Any CPU.Build.0 = Release|Any CPU
	EndGlobalSection
	GlobalSection(SolutionProperties) = preSolution
		HideSolutionNode = FALSE
	EndGlobalSection
	GlobalSection(ExtensibilityGlobals) = postSolution
		SolutionGuid = {536376AD-B3A7-489A-A191-BFD8A39F13FF}
	EndGlobalSection
EndGlobal
